// !$*UTF8*$!
{
	archiveVersion = 1;
	classes = {
	};
	objectVersion = 50;
	objects = {

/* Begin PBXBuildFile section */
		11AC9F1C6CB42C6DFCE6CA59 /* Pods_PhotoViewerTests.framework in Frameworks */ = {isa = PBXBuildFile; fileRef = 5D0E5C0E2EBBAD851BB4EC0B /* Pods_PhotoViewerTests.framework */; };
		1CEA62E498D69AB945F39E4B /* Pods_PhotoViewer.framework in Frameworks */ = {isa = PBXBuildFile; fileRef = 7C5E3A26AE6D3A759298AFDC /* Pods_PhotoViewer.framework */; };
		9A2823A326EBEB7500CA72B6 /* AppDelegate.swift in Sources */ = {isa = PBXBuildFile; fileRef = 9A2823A226EBEB7500CA72B6 /* AppDelegate.swift */; };
		9A2823A526EBEB7500CA72B6 /* SceneDelegate.swift in Sources */ = {isa = PBXBuildFile; fileRef = 9A2823A426EBEB7500CA72B6 /* SceneDelegate.swift */; };
		9A2823A726EBEB7500CA72B6 /* ViewController.swift in Sources */ = {isa = PBXBuildFile; fileRef = 9A2823A626EBEB7500CA72B6 /* ViewController.swift */; };
		9A2823AA26EBEB7500CA72B6 /* Main.storyboard in Resources */ = {isa = PBXBuildFile; fileRef = 9A2823A826EBEB7500CA72B6 /* Main.storyboard */; };
		9A2823AC26EBEB7600CA72B6 /* Assets.xcassets in Resources */ = {isa = PBXBuildFile; fileRef = 9A2823AB26EBEB7600CA72B6 /* Assets.xcassets */; };
		9A2823AF26EBEB7600CA72B6 /* LaunchScreen.storyboard in Resources */ = {isa = PBXBuildFile; fileRef = 9A2823AD26EBEB7600CA72B6 /* LaunchScreen.storyboard */; };
		9A2823BA26EBEB7600CA72B6 /* PhotoViewerTests.swift in Sources */ = {isa = PBXBuildFile; fileRef = 9A2823B926EBEB7600CA72B6 /* PhotoViewerTests.swift */; };
		9A2823C526EBEB7600CA72B6 /* PhotoViewerUITests.swift in Sources */ = {isa = PBXBuildFile; fileRef = 9A2823C426EBEB7600CA72B6 /* PhotoViewerUITests.swift */; };
		B000997E21B4E5F0414B71D9 /* Pods_PhotoViewer_PhotoViewerUITests.framework in Frameworks */ = {isa = PBXBuildFile; fileRef = 40F3BC292AE220C668F75DA1 /* Pods_PhotoViewer_PhotoViewerUITests.framework */; };
/* End PBXBuildFile section */

/* Begin PBXContainerItemProxy section */
		9A2823B626EBEB7600CA72B6 /* PBXContainerItemProxy */ = {
			isa = PBXContainerItemProxy;
			containerPortal = 9A28239726EBEB7500CA72B6 /* Project object */;
			proxyType = 1;
			remoteGlobalIDString = 9A28239E26EBEB7500CA72B6;
			remoteInfo = PhotoViewer;
		};
		9A2823C126EBEB7600CA72B6 /* PBXContainerItemProxy */ = {
			isa = PBXContainerItemProxy;
			containerPortal = 9A28239726EBEB7500CA72B6 /* Project object */;
			proxyType = 1;
			remoteGlobalIDString = 9A28239E26EBEB7500CA72B6;
			remoteInfo = PhotoViewer;
		};
/* End PBXContainerItemProxy section */

/* Begin PBXFileReference section */
		40F3BC292AE220C668F75DA1 /* Pods_PhotoViewer_PhotoViewerUITests.framework */ = {isa = PBXFileReference; explicitFileType = wrapper.framework; includeInIndex = 0; path = Pods_PhotoViewer_PhotoViewerUITests.framework; sourceTree = BUILT_PRODUCTS_DIR; };
		5D0E5C0E2EBBAD851BB4EC0B /* Pods_PhotoViewerTests.framework */ = {isa = PBXFileReference; explicitFileType = wrapper.framework; includeInIndex = 0; path = Pods_PhotoViewerTests.framework; sourceTree = BUILT_PRODUCTS_DIR; };
		64392B75EEB582AFEBE932C1 /* Pods-PhotoViewerTests.release.xcconfig */ = {isa = PBXFileReference; includeInIndex = 1; lastKnownFileType = text.xcconfig; name = "Pods-PhotoViewerTests.release.xcconfig"; path = "Target Support Files/Pods-PhotoViewerTests/Pods-PhotoViewerTests.release.xcconfig"; sourceTree = "<group>"; };
		6B7488AF27DB975BDE10EE1B /* Pods-PhotoViewerTests.debug.xcconfig */ = {isa = PBXFileReference; includeInIndex = 1; lastKnownFileType = text.xcconfig; name = "Pods-PhotoViewerTests.debug.xcconfig"; path = "Target Support Files/Pods-PhotoViewerTests/Pods-PhotoViewerTests.debug.xcconfig"; sourceTree = "<group>"; };
		6D57724B9085EAC79B664157 /* Pods-PhotoViewer-PhotoViewerUITests.release.xcconfig */ = {isa = PBXFileReference; includeInIndex = 1; lastKnownFileType = text.xcconfig; name = "Pods-PhotoViewer-PhotoViewerUITests.release.xcconfig"; path = "Target Support Files/Pods-PhotoViewer-PhotoViewerUITests/Pods-PhotoViewer-PhotoViewerUITests.release.xcconfig"; sourceTree = "<group>"; };
		7C5E3A26AE6D3A759298AFDC /* Pods_PhotoViewer.framework */ = {isa = PBXFileReference; explicitFileType = wrapper.framework; includeInIndex = 0; path = Pods_PhotoViewer.framework; sourceTree = BUILT_PRODUCTS_DIR; };
		9A28239F26EBEB7500CA72B6 /* PhotoViewer.app */ = {isa = PBXFileReference; explicitFileType = wrapper.application; includeInIndex = 0; path = PhotoViewer.app; sourceTree = BUILT_PRODUCTS_DIR; };
		9A2823A226EBEB7500CA72B6 /* AppDelegate.swift */ = {isa = PBXFileReference; lastKnownFileType = sourcecode.swift; path = AppDelegate.swift; sourceTree = "<group>"; };
		9A2823A426EBEB7500CA72B6 /* SceneDelegate.swift */ = {isa = PBXFileReference; lastKnownFileType = sourcecode.swift; path = SceneDelegate.swift; sourceTree = "<group>"; };
		9A2823A626EBEB7500CA72B6 /* ViewController.swift */ = {isa = PBXFileReference; lastKnownFileType = sourcecode.swift; path = ViewController.swift; sourceTree = "<group>"; };
		9A2823A926EBEB7500CA72B6 /* Base */ = {isa = PBXFileReference; lastKnownFileType = file.storyboard; name = Base; path = Base.lproj/Main.storyboard; sourceTree = "<group>"; };
		9A2823AB26EBEB7600CA72B6 /* Assets.xcassets */ = {isa = PBXFileReference; lastKnownFileType = folder.assetcatalog; path = Assets.xcassets; sourceTree = "<group>"; };
		9A2823AE26EBEB7600CA72B6 /* Base */ = {isa = PBXFileReference; lastKnownFileType = file.storyboard; name = Base; path = Base.lproj/LaunchScreen.storyboard; sourceTree = "<group>"; };
		9A2823B026EBEB7600CA72B6 /* Info.plist */ = {isa = PBXFileReference; lastKnownFileType = text.plist.xml; path = Info.plist; sourceTree = "<group>"; };
		9A2823B526EBEB7600CA72B6 /* PhotoViewerTests.xctest */ = {isa = PBXFileReference; explicitFileType = wrapper.cfbundle; includeInIndex = 0; path = PhotoViewerTests.xctest; sourceTree = BUILT_PRODUCTS_DIR; };
		9A2823B926EBEB7600CA72B6 /* PhotoViewerTests.swift */ = {isa = PBXFileReference; lastKnownFileType = sourcecode.swift; path = PhotoViewerTests.swift; sourceTree = "<group>"; };
		9A2823BB26EBEB7600CA72B6 /* Info.plist */ = {isa = PBXFileReference; lastKnownFileType = text.plist.xml; path = Info.plist; sourceTree = "<group>"; };
		9A2823C026EBEB7600CA72B6 /* PhotoViewerUITests.xctest */ = {isa = PBXFileReference; explicitFileType = wrapper.cfbundle; includeInIndex = 0; path = PhotoViewerUITests.xctest; sourceTree = BUILT_PRODUCTS_DIR; };
		9A2823C426EBEB7600CA72B6 /* PhotoViewerUITests.swift */ = {isa = PBXFileReference; lastKnownFileType = sourcecode.swift; path = PhotoViewerUITests.swift; sourceTree = "<group>"; };
		9A2823C626EBEB7600CA72B6 /* Info.plist */ = {isa = PBXFileReference; lastKnownFileType = text.plist.xml; path = Info.plist; sourceTree = "<group>"; };
		AD82F8F43D363E8279A502B2 /* Pods-PhotoViewer-PhotoViewerUITests.debug.xcconfig */ = {isa = PBXFileReference; includeInIndex = 1; lastKnownFileType = text.xcconfig; name = "Pods-PhotoViewer-PhotoViewerUITests.debug.xcconfig"; path = "Target Support Files/Pods-PhotoViewer-PhotoViewerUITests/Pods-PhotoViewer-PhotoViewerUITests.debug.xcconfig"; sourceTree = "<group>"; };
		B3D8AB18668FC1ABA2A58710 /* Pods-PhotoViewer.debug.xcconfig */ = {isa = PBXFileReference; includeInIndex = 1; lastKnownFileType = text.xcconfig; name = "Pods-PhotoViewer.debug.xcconfig"; path = "Target Support Files/Pods-PhotoViewer/Pods-PhotoViewer.debug.xcconfig"; sourceTree = "<group>"; };
		F9F76ECF0BF7860AC53346E1 /* Pods-PhotoViewer.release.xcconfig */ = {isa = PBXFileReference; includeInIndex = 1; lastKnownFileType = text.xcconfig; name = "Pods-PhotoViewer.release.xcconfig"; path = "Target Support Files/Pods-PhotoViewer/Pods-PhotoViewer.release.xcconfig"; sourceTree = "<group>"; };
/* End PBXFileReference section */

/* Begin PBXFrameworksBuildPhase section */
		9A28239C26EBEB7500CA72B6 /* Frameworks */ = {
			isa = PBXFrameworksBuildPhase;
			buildActionMask = 2147483647;
			files = (
				1CEA62E498D69AB945F39E4B /* Pods_PhotoViewer.framework in Frameworks */,
			);
			runOnlyForDeploymentPostprocessing = 0;
		};
		9A2823B226EBEB7600CA72B6 /* Frameworks */ = {
			isa = PBXFrameworksBuildPhase;
			buildActionMask = 2147483647;
			files = (
				11AC9F1C6CB42C6DFCE6CA59 /* Pods_PhotoViewerTests.framework in Frameworks */,
			);
			runOnlyForDeploymentPostprocessing = 0;
		};
		9A2823BD26EBEB7600CA72B6 /* Frameworks */ = {
			isa = PBXFrameworksBuildPhase;
			buildActionMask = 2147483647;
			files = (
				B000997E21B4E5F0414B71D9 /* Pods_PhotoViewer_PhotoViewerUITests.framework in Frameworks */,
			);
			runOnlyForDeploymentPostprocessing = 0;
		};
/* End PBXFrameworksBuildPhase section */

/* Begin PBXGroup section */
		4D001AEBA40FFE5854D8FE9F /* Frameworks */ = {
			isa = PBXGroup;
			children = (
				7C5E3A26AE6D3A759298AFDC /* Pods_PhotoViewer.framework */,
				40F3BC292AE220C668F75DA1 /* Pods_PhotoViewer_PhotoViewerUITests.framework */,
				5D0E5C0E2EBBAD851BB4EC0B /* Pods_PhotoViewerTests.framework */,
			);
			name = Frameworks;
			sourceTree = "<group>";
		};
		85BB9AE389BAD7C310A07B6E /* Pods */ = {
			isa = PBXGroup;
			children = (
				B3D8AB18668FC1ABA2A58710 /* Pods-PhotoViewer.debug.xcconfig */,
				F9F76ECF0BF7860AC53346E1 /* Pods-PhotoViewer.release.xcconfig */,
				AD82F8F43D363E8279A502B2 /* Pods-PhotoViewer-PhotoViewerUITests.debug.xcconfig */,
				6D57724B9085EAC79B664157 /* Pods-PhotoViewer-PhotoViewerUITests.release.xcconfig */,
				6B7488AF27DB975BDE10EE1B /* Pods-PhotoViewerTests.debug.xcconfig */,
				64392B75EEB582AFEBE932C1 /* Pods-PhotoViewerTests.release.xcconfig */,
			);
			name = Pods;
			path = Pods;
			sourceTree = "<group>";
		};
		9A28239626EBEB7500CA72B6 = {
			isa = PBXGroup;
			children = (
				9A2823A126EBEB7500CA72B6 /* PhotoViewer */,
				9A2823B826EBEB7600CA72B6 /* PhotoViewerTests */,
				9A2823C326EBEB7600CA72B6 /* PhotoViewerUITests */,
				9A2823A026EBEB7500CA72B6 /* Products */,
				85BB9AE389BAD7C310A07B6E /* Pods */,
				4D001AEBA40FFE5854D8FE9F /* Frameworks */,
			);
			sourceTree = "<group>";
		};
		9A2823A026EBEB7500CA72B6 /* Products */ = {
			isa = PBXGroup;
			children = (
				9A28239F26EBEB7500CA72B6 /* PhotoViewer.app */,
				9A2823B526EBEB7600CA72B6 /* PhotoViewerTests.xctest */,
				9A2823C026EBEB7600CA72B6 /* PhotoViewerUITests.xctest */,
			);
			name = Products;
			sourceTree = "<group>";
		};
		9A2823A126EBEB7500CA72B6 /* PhotoViewer */ = {
			isa = PBXGroup;
			children = (
				9A2823A226EBEB7500CA72B6 /* AppDelegate.swift */,
				9A2823A426EBEB7500CA72B6 /* SceneDelegate.swift */,
				9A2823A626EBEB7500CA72B6 /* ViewController.swift */,
				9A2823A826EBEB7500CA72B6 /* Main.storyboard */,
				9A2823AB26EBEB7600CA72B6 /* Assets.xcassets */,
				9A2823AD26EBEB7600CA72B6 /* LaunchScreen.storyboard */,
				9A2823B026EBEB7600CA72B6 /* Info.plist */,
			);
			path = PhotoViewer;
			sourceTree = "<group>";
		};
		9A2823B826EBEB7600CA72B6 /* PhotoViewerTests */ = {
			isa = PBXGroup;
			children = (
				9A2823B926EBEB7600CA72B6 /* PhotoViewerTests.swift */,
				9A2823BB26EBEB7600CA72B6 /* Info.plist */,
			);
			path = PhotoViewerTests;
			sourceTree = "<group>";
		};
		9A2823C326EBEB7600CA72B6 /* PhotoViewerUITests */ = {
			isa = PBXGroup;
			children = (
				9A2823C426EBEB7600CA72B6 /* PhotoViewerUITests.swift */,
				9A2823C626EBEB7600CA72B6 /* Info.plist */,
			);
			path = PhotoViewerUITests;
			sourceTree = "<group>";
		};
/* End PBXGroup section */

/* Begin PBXNativeTarget section */
		9A28239E26EBEB7500CA72B6 /* PhotoViewer */ = {
			isa = PBXNativeTarget;
			buildConfigurationList = 9A2823C926EBEB7600CA72B6 /* Build configuration list for PBXNativeTarget "PhotoViewer" */;
			buildPhases = (
				82E5D0088B2D45E974DEB412 /* [CP] Check Pods Manifest.lock */,
				9A28239B26EBEB7500CA72B6 /* Sources */,
				9A28239C26EBEB7500CA72B6 /* Frameworks */,
				9A28239D26EBEB7500CA72B6 /* Resources */,
				68F9BA7BC2AAFDA3276D57D7 /* [CP] Embed Pods Frameworks */,
			);
			buildRules = (
			);
			dependencies = (
			);
			name = PhotoViewer;
			productName = PhotoViewer;
			productReference = 9A28239F26EBEB7500CA72B6 /* PhotoViewer.app */;
			productType = "com.apple.product-type.application";
		};
		9A2823B426EBEB7600CA72B6 /* PhotoViewerTests */ = {
			isa = PBXNativeTarget;
			buildConfigurationList = 9A2823CC26EBEB7600CA72B6 /* Build configuration list for PBXNativeTarget "PhotoViewerTests" */;
			buildPhases = (
				8556196D4D69C5311A6C088C /* [CP] Check Pods Manifest.lock */,
				9A2823B126EBEB7600CA72B6 /* Sources */,
				9A2823B226EBEB7600CA72B6 /* Frameworks */,
				9A2823B326EBEB7600CA72B6 /* Resources */,
			);
			buildRules = (
			);
			dependencies = (
				9A2823B726EBEB7600CA72B6 /* PBXTargetDependency */,
			);
			name = PhotoViewerTests;
			productName = PhotoViewerTests;
			productReference = 9A2823B526EBEB7600CA72B6 /* PhotoViewerTests.xctest */;
			productType = "com.apple.product-type.bundle.unit-test";
		};
		9A2823BF26EBEB7600CA72B6 /* PhotoViewerUITests */ = {
			isa = PBXNativeTarget;
			buildConfigurationList = 9A2823CF26EBEB7600CA72B6 /* Build configuration list for PBXNativeTarget "PhotoViewerUITests" */;
			buildPhases = (
				50801AAF1430407CED4DD286 /* [CP] Check Pods Manifest.lock */,
				9A2823BC26EBEB7600CA72B6 /* Sources */,
				9A2823BD26EBEB7600CA72B6 /* Frameworks */,
				9A2823BE26EBEB7600CA72B6 /* Resources */,
				DEF0ABD60EAD635995B10157 /* [CP] Embed Pods Frameworks */,
			);
			buildRules = (
			);
			dependencies = (
				9A2823C226EBEB7600CA72B6 /* PBXTargetDependency */,
			);
			name = PhotoViewerUITests;
			productName = PhotoViewerUITests;
			productReference = 9A2823C026EBEB7600CA72B6 /* PhotoViewerUITests.xctest */;
			productType = "com.apple.product-type.bundle.ui-testing";
		};
/* End PBXNativeTarget section */

/* Begin PBXProject section */
		9A28239726EBEB7500CA72B6 /* Project object */ = {
			isa = PBXProject;
			attributes = {
				LastSwiftUpdateCheck = 1250;
				LastUpgradeCheck = 1250;
				TargetAttributes = {
					9A28239E26EBEB7500CA72B6 = {
						CreatedOnToolsVersion = 12.5.1;
					};
					9A2823B426EBEB7600CA72B6 = {
						CreatedOnToolsVersion = 12.5.1;
						TestTargetID = 9A28239E26EBEB7500CA72B6;
					};
					9A2823BF26EBEB7600CA72B6 = {
						CreatedOnToolsVersion = 12.5.1;
						TestTargetID = 9A28239E26EBEB7500CA72B6;
					};
				};
			};
			buildConfigurationList = 9A28239A26EBEB7500CA72B6 /* Build configuration list for PBXProject "PhotoViewer" */;
			compatibilityVersion = "Xcode 9.3";
			developmentRegion = en;
			hasScannedForEncodings = 0;
			knownRegions = (
				en,
				Base,
			);
			mainGroup = 9A28239626EBEB7500CA72B6;
			productRefGroup = 9A2823A026EBEB7500CA72B6 /* Products */;
			projectDirPath = "";
			projectRoot = "";
			targets = (
				9A28239E26EBEB7500CA72B6 /* PhotoViewer */,
				9A2823B426EBEB7600CA72B6 /* PhotoViewerTests */,
				9A2823BF26EBEB7600CA72B6 /* PhotoViewerUITests */,
			);
		};
/* End PBXProject section */

/* Begin PBXResourcesBuildPhase section */
		9A28239D26EBEB7500CA72B6 /* Resources */ = {
			isa = PBXResourcesBuildPhase;
			buildActionMask = 2147483647;
			files = (
				9A2823AF26EBEB7600CA72B6 /* LaunchScreen.storyboard in Resources */,
				9A2823AC26EBEB7600CA72B6 /* Assets.xcassets in Resources */,
				9A2823AA26EBEB7500CA72B6 /* Main.storyboard in Resources */,
			);
			runOnlyForDeploymentPostprocessing = 0;
		};
		9A2823B326EBEB7600CA72B6 /* Resources */ = {
			isa = PBXResourcesBuildPhase;
			buildActionMask = 2147483647;
			files = (
			);
			runOnlyForDeploymentPostprocessing = 0;
		};
		9A2823BE26EBEB7600CA72B6 /* Resources */ = {
			isa = PBXResourcesBuildPhase;
			buildActionMask = 2147483647;
			files = (
			);
			runOnlyForDeploymentPostprocessing = 0;
		};
/* End PBXResourcesBuildPhase section */

/* Begin PBXShellScriptBuildPhase section */
		50801AAF1430407CED4DD286 /* [CP] Check Pods Manifest.lock */ = {
			isa = PBXShellScriptBuildPhase;
			buildActionMask = 2147483647;
			files = (
			);
			inputFileListPaths = (
			);
			inputPaths = (
				"${PODS_PODFILE_DIR_PATH}/Podfile.lock",
				"${PODS_ROOT}/Manifest.lock",
			);
			name = "[CP] Check Pods Manifest.lock";
			outputFileListPaths = (
			);
			outputPaths = (
				"$(DERIVED_FILE_DIR)/Pods-PhotoViewer-PhotoViewerUITests-checkManifestLockResult.txt",
			);
			runOnlyForDeploymentPostprocessing = 0;
			shellPath = /bin/sh;
			shellScript = "diff \"${PODS_PODFILE_DIR_PATH}/Podfile.lock\" \"${PODS_ROOT}/Manifest.lock\" > /dev/null\nif [ $? != 0 ] ; then\n    # print error to STDERR\n    echo \"error: The sandbox is not in sync with the Podfile.lock. Run 'pod install' or update your CocoaPods installation.\" >&2\n    exit 1\nfi\n# This output is used by Xcode 'outputs' to avoid re-running this script phase.\necho \"SUCCESS\" > \"${SCRIPT_OUTPUT_FILE_0}\"\n";
			showEnvVarsInLog = 0;
		};
		68F9BA7BC2AAFDA3276D57D7 /* [CP] Embed Pods Frameworks */ = {
			isa = PBXShellScriptBuildPhase;
			buildActionMask = 2147483647;
			files = (
			);
			inputFileListPaths = (
				"${PODS_ROOT}/Target Support Files/Pods-PhotoViewer/Pods-PhotoViewer-frameworks-${CONFIGURATION}-input-files.xcfilelist",
			);
			name = "[CP] Embed Pods Frameworks";
			outputFileListPaths = (
				"${PODS_ROOT}/Target Support Files/Pods-PhotoViewer/Pods-PhotoViewer-frameworks-${CONFIGURATION}-output-files.xcfilelist",
			);
			runOnlyForDeploymentPostprocessing = 0;
			shellPath = /bin/sh;
			shellScript = "\"${PODS_ROOT}/Target Support Files/Pods-PhotoViewer/Pods-PhotoViewer-frameworks.sh\"\n";
			showEnvVarsInLog = 0;
		};
		82E5D0088B2D45E974DEB412 /* [CP] Check Pods Manifest.lock */ = {
			isa = PBXShellScriptBuildPhase;
			buildActionMask = 2147483647;
			files = (
			);
			inputFileListPaths = (
			);
			inputPaths = (
				"${PODS_PODFILE_DIR_PATH}/Podfile.lock",
				"${PODS_ROOT}/Manifest.lock",
			);
			name = "[CP] Check Pods Manifest.lock";
			outputFileListPaths = (
			);
			outputPaths = (
				"$(DERIVED_FILE_DIR)/Pods-PhotoViewer-checkManifestLockResult.txt",
			);
			runOnlyForDeploymentPostprocessing = 0;
			shellPath = /bin/sh;
			shellScript = "diff \"${PODS_PODFILE_DIR_PATH}/Podfile.lock\" \"${PODS_ROOT}/Manifest.lock\" > /dev/null\nif [ $? != 0 ] ; then\n    # print error to STDERR\n    echo \"error: The sandbox is not in sync with the Podfile.lock. Run 'pod install' or update your CocoaPods installation.\" >&2\n    exit 1\nfi\n# This output is used by Xcode 'outputs' to avoid re-running this script phase.\necho \"SUCCESS\" > \"${SCRIPT_OUTPUT_FILE_0}\"\n";
			showEnvVarsInLog = 0;
		};
		8556196D4D69C5311A6C088C /* [CP] Check Pods Manifest.lock */ = {
			isa = PBXShellScriptBuildPhase;
			buildActionMask = 2147483647;
			files = (
			);
			inputFileListPaths = (
			);
			inputPaths = (
				"${PODS_PODFILE_DIR_PATH}/Podfile.lock",
				"${PODS_ROOT}/Manifest.lock",
			);
			name = "[CP] Check Pods Manifest.lock";
			outputFileListPaths = (
			);
			outputPaths = (
				"$(DERIVED_FILE_DIR)/Pods-PhotoViewerTests-checkManifestLockResult.txt",
			);
			runOnlyForDeploymentPostprocessing = 0;
			shellPath = /bin/sh;
			shellScript = "diff \"${PODS_PODFILE_DIR_PATH}/Podfile.lock\" \"${PODS_ROOT}/Manifest.lock\" > /dev/null\nif [ $? != 0 ] ; then\n    # print error to STDERR\n    echo \"error: The sandbox is not in sync with the Podfile.lock. Run 'pod install' or update your CocoaPods installation.\" >&2\n    exit 1\nfi\n# This output is used by Xcode 'outputs' to avoid re-running this script phase.\necho \"SUCCESS\" > \"${SCRIPT_OUTPUT_FILE_0}\"\n";
			showEnvVarsInLog = 0;
		};
		DEF0ABD60EAD635995B10157 /* [CP] Embed Pods Frameworks */ = {
			isa = PBXShellScriptBuildPhase;
			buildActionMask = 2147483647;
			files = (
			);
			inputFileListPaths = (
				"${PODS_ROOT}/Target Support Files/Pods-PhotoViewer-PhotoViewerUITests/Pods-PhotoViewer-PhotoViewerUITests-frameworks-${CONFIGURATION}-input-files.xcfilelist",
			);
			name = "[CP] Embed Pods Frameworks";
			outputFileListPaths = (
				"${PODS_ROOT}/Target Support Files/Pods-PhotoViewer-PhotoViewerUITests/Pods-PhotoViewer-PhotoViewerUITests-frameworks-${CONFIGURATION}-output-files.xcfilelist",
			);
			runOnlyForDeploymentPostprocessing = 0;
			shellPath = /bin/sh;
			shellScript = "\"${PODS_ROOT}/Target Support Files/Pods-PhotoViewer-PhotoViewerUITests/Pods-PhotoViewer-PhotoViewerUITests-frameworks.sh\"\n";
			showEnvVarsInLog = 0;
		};
/* End PBXShellScriptBuildPhase section */

/* Begin PBXSourcesBuildPhase section */
		9A28239B26EBEB7500CA72B6 /* Sources */ = {
			isa = PBXSourcesBuildPhase;
			buildActionMask = 2147483647;
			files = (
				9A2823A726EBEB7500CA72B6 /* ViewController.swift in Sources */,
				9A2823A326EBEB7500CA72B6 /* AppDelegate.swift in Sources */,
				9A2823A526EBEB7500CA72B6 /* SceneDelegate.swift in Sources */,
			);
			runOnlyForDeploymentPostprocessing = 0;
		};
		9A2823B126EBEB7600CA72B6 /* Sources */ = {
			isa = PBXSourcesBuildPhase;
			buildActionMask = 2147483647;
			files = (
				9A2823BA26EBEB7600CA72B6 /* PhotoViewerTests.swift in Sources */,
			);
			runOnlyForDeploymentPostprocessing = 0;
		};
		9A2823BC26EBEB7600CA72B6 /* Sources */ = {
			isa = PBXSourcesBuildPhase;
			buildActionMask = 2147483647;
			files = (
				9A2823C526EBEB7600CA72B6 /* PhotoViewerUITests.swift in Sources */,
			);
			runOnlyForDeploymentPostprocessing = 0;
		};
/* End PBXSourcesBuildPhase section */

/* Begin PBXTargetDependency section */
		9A2823B726EBEB7600CA72B6 /* PBXTargetDependency */ = {
			isa = PBXTargetDependency;
			target = 9A28239E26EBEB7500CA72B6 /* PhotoViewer */;
			targetProxy = 9A2823B626EBEB7600CA72B6 /* PBXContainerItemProxy */;
		};
		9A2823C226EBEB7600CA72B6 /* PBXTargetDependency */ = {
			isa = PBXTargetDependency;
			target = 9A28239E26EBEB7500CA72B6 /* PhotoViewer */;
			targetProxy = 9A2823C126EBEB7600CA72B6 /* PBXContainerItemProxy */;
		};
/* End PBXTargetDependency section */

/* Begin PBXVariantGroup section */
		9A2823A826EBEB7500CA72B6 /* Main.storyboard */ = {
			isa = PBXVariantGroup;
			children = (
				9A2823A926EBEB7500CA72B6 /* Base */,
			);
			name = Main.storyboard;
			sourceTree = "<group>";
		};
		9A2823AD26EBEB7600CA72B6 /* LaunchScreen.storyboard */ = {
			isa = PBXVariantGroup;
			children = (
				9A2823AE26EBEB7600CA72B6 /* Base */,
			);
			name = LaunchScreen.storyboard;
			sourceTree = "<group>";
		};
/* End PBXVariantGroup section */

/* Begin XCBuildConfiguration section */
		9A2823C726EBEB7600CA72B6 /* Debug */ = {
			isa = XCBuildConfiguration;
			buildSettings = {
				ALWAYS_SEARCH_USER_PATHS = NO;
				CLANG_ANALYZER_NONNULL = YES;
				CLANG_ANALYZER_NUMBER_OBJECT_CONVERSION = YES_AGGRESSIVE;
				CLANG_CXX_LANGUAGE_STANDARD = "gnu++14";
				CLANG_CXX_LIBRARY = "libc++";
				CLANG_ENABLE_MODULES = YES;
				CLANG_ENABLE_OBJC_ARC = YES;
				CLANG_ENABLE_OBJC_WEAK = YES;
				CLANG_WARN_BLOCK_CAPTURE_AUTORELEASING = YES;
				CLANG_WARN_BOOL_CONVERSION = YES;
				CLANG_WARN_COMMA = YES;
				CLANG_WARN_CONSTANT_CONVERSION = YES;
				CLANG_WARN_DEPRECATED_OBJC_IMPLEMENTATIONS = YES;
				CLANG_WARN_DIRECT_OBJC_ISA_USAGE = YES_ERROR;
				CLANG_WARN_DOCUMENTATION_COMMENTS = YES;
				CLANG_WARN_EMPTY_BODY = YES;
				CLANG_WARN_ENUM_CONVERSION = YES;
				CLANG_WARN_INFINITE_RECURSION = YES;
				CLANG_WARN_INT_CONVERSION = YES;
				CLANG_WARN_NON_LITERAL_NULL_CONVERSION = YES;
				CLANG_WARN_OBJC_IMPLICIT_RETAIN_SELF = YES;
				CLANG_WARN_OBJC_LITERAL_CONVERSION = YES;
				CLANG_WARN_OBJC_ROOT_CLASS = YES_ERROR;
				CLANG_WARN_QUOTED_INCLUDE_IN_FRAMEWORK_HEADER = YES;
				CLANG_WARN_RANGE_LOOP_ANALYSIS = YES;
				CLANG_WARN_STRICT_PROTOTYPES = YES;
				CLANG_WARN_SUSPICIOUS_MOVE = YES;
				CLANG_WARN_UNGUARDED_AVAILABILITY = YES_AGGRESSIVE;
				CLANG_WARN_UNREACHABLE_CODE = YES;
				CLANG_WARN__DUPLICATE_METHOD_MATCH = YES;
				COPY_PHASE_STRIP = NO;
				DEBUG_INFORMATION_FORMAT = dwarf;
				ENABLE_STRICT_OBJC_MSGSEND = YES;
				ENABLE_TESTABILITY = YES;
				GCC_C_LANGUAGE_STANDARD = gnu11;
				GCC_DYNAMIC_NO_PIC = NO;
				GCC_NO_COMMON_BLOCKS = YES;
				GCC_OPTIMIZATION_LEVEL = 0;
				GCC_PREPROCESSOR_DEFINITIONS = (
					"DEBUG=1",
					"$(inherited)",
				);
				GCC_WARN_64_TO_32_BIT_CONVERSION = YES;
				GCC_WARN_ABOUT_RETURN_TYPE = YES_ERROR;
				GCC_WARN_UNDECLARED_SELECTOR = YES;
				GCC_WARN_UNINITIALIZED_AUTOS = YES_AGGRESSIVE;
				GCC_WARN_UNUSED_FUNCTION = YES;
				GCC_WARN_UNUSED_VARIABLE = YES;
				IPHONEOS_DEPLOYMENT_TARGET = 14.5;
				MTL_ENABLE_DEBUG_INFO = INCLUDE_SOURCE;
				MTL_FAST_MATH = YES;
				ONLY_ACTIVE_ARCH = YES;
				SDKROOT = iphoneos;
				SWIFT_ACTIVE_COMPILATION_CONDITIONS = DEBUG;
				SWIFT_OPTIMIZATION_LEVEL = "-Onone";
			};
			name = Debug;
		};
		9A2823C826EBEB7600CA72B6 /* Release */ = {
			isa = XCBuildConfiguration;
			buildSettings = {
				ALWAYS_SEARCH_USER_PATHS = NO;
				CLANG_ANALYZER_NONNULL = YES;
				CLANG_ANALYZER_NUMBER_OBJECT_CONVERSION = YES_AGGRESSIVE;
				CLANG_CXX_LANGUAGE_STANDARD = "gnu++14";
				CLANG_CXX_LIBRARY = "libc++";
				CLANG_ENABLE_MODULES = YES;
				CLANG_ENABLE_OBJC_ARC = YES;
				CLANG_ENABLE_OBJC_WEAK = YES;
				CLANG_WARN_BLOCK_CAPTURE_AUTORELEASING = YES;
				CLANG_WARN_BOOL_CONVERSION = YES;
				CLANG_WARN_COMMA = YES;
				CLANG_WARN_CONSTANT_CONVERSION = YES;
				CLANG_WARN_DEPRECATED_OBJC_IMPLEMENTATIONS = YES;
				CLANG_WARN_DIRECT_OBJC_ISA_USAGE = YES_ERROR;
				CLANG_WARN_DOCUMENTATION_COMMENTS = YES;
				CLANG_WARN_EMPTY_BODY = YES;
				CLANG_WARN_ENUM_CONVERSION = YES;
				CLANG_WARN_INFINITE_RECURSION = YES;
				CLANG_WARN_INT_CONVERSION = YES;
				CLANG_WARN_NON_LITERAL_NULL_CONVERSION = YES;
				CLANG_WARN_OBJC_IMPLICIT_RETAIN_SELF = YES;
				CLANG_WARN_OBJC_LITERAL_CONVERSION = YES;
				CLANG_WARN_OBJC_ROOT_CLASS = YES_ERROR;
				CLANG_WARN_QUOTED_INCLUDE_IN_FRAMEWORK_HEADER = YES;
				CLANG_WARN_RANGE_LOOP_ANALYSIS = YES;
				CLANG_WARN_STRICT_PROTOTYPES = YES;
				CLANG_WARN_SUSPICIOUS_MOVE = YES;
				CLANG_WARN_UNGUARDED_AVAILABILITY = YES_AGGRESSIVE;
				CLANG_WARN_UNREACHABLE_CODE = YES;
				CLANG_WARN__DUPLICATE_METHOD_MATCH = YES;
				COPY_PHASE_STRIP = NO;
				DEBUG_INFORMATION_FORMAT = "dwarf-with-dsym";
				ENABLE_NS_ASSERTIONS = NO;
				ENABLE_STRICT_OBJC_MSGSEND = YES;
				GCC_C_LANGUAGE_STANDARD = gnu11;
				GCC_NO_COMMON_BLOCKS = YES;
				GCC_WARN_64_TO_32_BIT_CONVERSION = YES;
				GCC_WARN_ABOUT_RETURN_TYPE = YES_ERROR;
				GCC_WARN_UNDECLARED_SELECTOR = YES;
				GCC_WARN_UNINITIALIZED_AUTOS = YES_AGGRESSIVE;
				GCC_WARN_UNUSED_FUNCTION = YES;
				GCC_WARN_UNUSED_VARIABLE = YES;
				IPHONEOS_DEPLOYMENT_TARGET = 14.5;
				MTL_ENABLE_DEBUG_INFO = NO;
				MTL_FAST_MATH = YES;
				SDKROOT = iphoneos;
				SWIFT_COMPILATION_MODE = wholemodule;
				SWIFT_OPTIMIZATION_LEVEL = "-O";
				VALIDATE_PRODUCT = YES;
			};
			name = Release;
		};
		9A2823CA26EBEB7600CA72B6 /* Debug */ = {
			isa = XCBuildConfiguration;
			baseConfigurationReference = B3D8AB18668FC1ABA2A58710 /* Pods-PhotoViewer.debug.xcconfig */;
			buildSettings = {
				ASSETCATALOG_COMPILER_APPICON_NAME = AppIcon;
				ASSETCATALOG_COMPILER_GLOBAL_ACCENT_COLOR_NAME = AccentColor;
				CODE_SIGN_STYLE = Automatic;
				DEVELOPMENT_TEAM = 2RTC5LA229;
				INFOPLIST_FILE = PhotoViewer/Info.plist;
				LD_RUNPATH_SEARCH_PATHS = (
					"$(inherited)",
					"@executable_path/Frameworks",
				);
				PRODUCT_BUNDLE_IDENTIFIER = com.mohamedelabd.PhotoViewer;
				PRODUCT_NAME = "$(TARGET_NAME)";
				SWIFT_VERSION = 5.0;
				TARGETED_DEVICE_FAMILY = "1,2";
			};
			name = Debug;
		};
		9A2823CB26EBEB7600CA72B6 /* Release */ = {
			isa = XCBuildConfiguration;
			baseConfigurationReference = F9F76ECF0BF7860AC53346E1 /* Pods-PhotoViewer.release.xcconfig */;
			buildSettings = {
				ASSETCATALOG_COMPILER_APPICON_NAME = AppIcon;
				ASSETCATALOG_COMPILER_GLOBAL_ACCENT_COLOR_NAME = AccentColor;
				CODE_SIGN_STYLE = Automatic;
				DEVELOPMENT_TEAM = 2RTC5LA229;
				INFOPLIST_FILE = PhotoViewer/Info.plist;
				LD_RUNPATH_SEARCH_PATHS = (
					"$(inherited)",
					"@executable_path/Frameworks",
				);
				PRODUCT_BUNDLE_IDENTIFIER = com.mohamedelabd.PhotoViewer;
				PRODUCT_NAME = "$(TARGET_NAME)";
				SWIFT_VERSION = 5.0;
				TARGETED_DEVICE_FAMILY = "1,2";
			};
			name = Release;
		};
		9A2823CD26EBEB7600CA72B6 /* Debug */ = {
			isa = XCBuildConfiguration;
			baseConfigurationReference = 6B7488AF27DB975BDE10EE1B /* Pods-PhotoViewerTests.debug.xcconfig */;
			buildSettings = {
				ALWAYS_EMBED_SWIFT_STANDARD_LIBRARIES = YES;
				BUNDLE_LOADER = "$(TEST_HOST)";
				CODE_SIGN_STYLE = Automatic;
				DEVELOPMENT_TEAM = 2RTC5LA229;
				INFOPLIST_FILE = PhotoViewerTests/Info.plist;
				IPHONEOS_DEPLOYMENT_TARGET = 14.5;
				LD_RUNPATH_SEARCH_PATHS = (
					"$(inherited)",
					"@executable_path/Frameworks",
					"@loader_path/Frameworks",
				);
				PRODUCT_BUNDLE_IDENTIFIER = com.mohamedelabd.PhotoViewerTests;
				PRODUCT_NAME = "$(TARGET_NAME)";
				SWIFT_VERSION = 5.0;
				TARGETED_DEVICE_FAMILY = "1,2";
				TEST_HOST = "$(BUILT_PRODUCTS_DIR)/PhotoViewer.app/PhotoViewer";
			};
			name = Debug;
		};
		9A2823CE26EBEB7600CA72B6 /* Release */ = {
			isa = XCBuildConfiguration;
			baseConfigurationReference = 64392B75EEB582AFEBE932C1 /* Pods-PhotoViewerTests.release.xcconfig */;
			buildSettings = {
				ALWAYS_EMBED_SWIFT_STANDARD_LIBRARIES = YES;
				BUNDLE_LOADER = "$(TEST_HOST)";
				CODE_SIGN_STYLE = Automatic;
				DEVELOPMENT_TEAM = 2RTC5LA229;
				INFOPLIST_FILE = PhotoViewerTests/Info.plist;
				IPHONEOS_DEPLOYMENT_TARGET = 14.5;
				LD_RUNPATH_SEARCH_PATHS = (
					"$(inherited)",
					"@executable_path/Frameworks",
					"@loader_path/Frameworks",
				);
				PRODUCT_BUNDLE_IDENTIFIER = com.mohamedelabd.PhotoViewerTests;
				PRODUCT_NAME = "$(TARGET_NAME)";
				SWIFT_VERSION = 5.0;
				TARGETED_DEVICE_FAMILY = "1,2";
				TEST_HOST = "$(BUILT_PRODUCTS_DIR)/PhotoViewer.app/PhotoViewer";
			};
			name = Release;
		};
		9A2823D026EBEB7600CA72B6 /* Debug */ = {
			isa = XCBuildConfiguration;
			baseConfigurationReference = AD82F8F43D363E8279A502B2 /* Pods-PhotoViewer-PhotoViewerUITests.debug.xcconfig */;
			buildSettings = {
				ALWAYS_EMBED_SWIFT_STANDARD_LIBRARIES = YES;
				CODE_SIGN_STYLE = Automatic;
				DEVELOPMENT_TEAM = 2RTC5LA229;
				INFOPLIST_FILE = PhotoViewerUITests/Info.plist;
				LD_RUNPATH_SEARCH_PATHS = (
					"$(inherited)",
					"@executable_path/Frameworks",
					"@loader_path/Frameworks",
				);
				PRODUCT_BUNDLE_IDENTIFIER = com.mohamedelabd.PhotoViewerUITests;
				PRODUCT_NAME = "$(TARGET_NAME)";
				SWIFT_VERSION = 5.0;
				TARGETED_DEVICE_FAMILY = "1,2";
				TEST_TARGET_NAME = PhotoViewer;
			};
			name = Debug;
		};
		9A2823D126EBEB7600CA72B6 /* Release */ = {
			isa = XCBuildConfiguration;
			baseConfigurationReference = 6D57724B9085EAC79B664157 /* Pods-PhotoViewer-PhotoViewerUITests.release.xcconfig */;
			buildSettings = {
				ALWAYS_EMBED_SWIFT_STANDARD_LIBRARIES = YES;
				CODE_SIGN_STYLE = Automatic;
				DEVELOPMENT_TEAM = 2RTC5LA229;
				INFOPLIST_FILE = PhotoViewerUITests/Info.plist;
				LD_RUNPATH_SEARCH_PATHS = (
					"$(inherited)",
					"@executable_path/Frameworks",
					"@loader_path/Frameworks",
				);
				PRODUCT_BUNDLE_IDENTIFIER = com.mohamedelabd.PhotoViewerUITests;
				PRODUCT_NAME = "$(TARGET_NAME)";
				SWIFT_VERSION = 5.0;
				TARGETED_DEVICE_FAMILY = "1,2";
				TEST_TARGET_NAME = PhotoViewer;
			};
			name = Release;
		};
/* End XCBuildConfiguration section */

/* Begin XCConfigurationList section */
		9A28239A26EBEB7500CA72B6 /* Build configuration list for PBXProject "PhotoViewer" */ = {
			isa = XCConfigurationList;
			buildConfigurations = (
				9A2823C726EBEB7600CA72B6 /* Debug */,
				9A2823C826EBEB7600CA72B6 /* Release */,
			);
			defaultConfigurationIsVisible = 0;
			defaultConfigurationName = Release;
		};
		9A2823C926EBEB7600CA72B6 /* Build configuration list for PBXNativeTarget "PhotoViewer" */ = {
			isa = XCConfigurationList;
			buildConfigurations = (
				9A2823CA26EBEB7600CA72B6 /* Debug */,
				9A2823CB26EBEB7600CA72B6 /* Release */,
			);
			defaultConfigurationIsVisible = 0;
			defaultConfigurationName = Release;
		};
		9A2823CC26EBEB7600CA72B6 /* Build configuration list for PBXNativeTarget "PhotoViewerTests" */ = {
			isa = XCConfigurationList;
			buildConfigurations = (
				9A2823CD26EBEB7600CA72B6 /* Debug */,
				9A2823CE26EBEB7600CA72B6 /* Release */,
			);
			defaultConfigurationIsVisible = 0;
			defaultConfigurationName = Release;
		};
		9A2823CF26EBEB7600CA72B6 /* Build configuration list for PBXNativeTarget "PhotoViewerUITests" */ = {
			isa = XCConfigurationList;
			buildConfigurations = (
				9A2823D026EBEB7600CA72B6 /* Debug */,
				9A2823D126EBEB7600CA72B6 /* Release */,
			);
			defaultConfigurationIsVisible = 0;
			defaultConfigurationName = Release;
		};
/* End XCConfigurationList section */
	};
	rootObject = 9A28239726EBEB7500CA72B6 /* Project object */;
}
