// !$*UTF8*$!
{
	archiveVersion = 1;
	classes = {
	};
	objectVersion = 50;
	objects = {

/* Begin PBXBuildFile section */
		9A2823A326EBEB7500CA72B6 /* AppDelegate.swift in Sources */ = {isa = PBXBuildFile; fileRef = 9A2823A226EBEB7500CA72B6 /* AppDelegate.swift */; };
		9A2823A526EBEB7500CA72B6 /* SceneDelegate.swift in Sources */ = {isa = PBXBuildFile; fileRef = 9A2823A426EBEB7500CA72B6 /* SceneDelegate.swift */; };
		9A2823A726EBEB7500CA72B6 /* ViewController.swift in Sources */ = {isa = PBXBuildFile; fileRef = 9A2823A626EBEB7500CA72B6 /* ViewController.swift */; };
		9A2823AA26EBEB7500CA72B6 /* Main.storyboard in Resources */ = {isa = PBXBuildFile; fileRef = 9A2823A826EBEB7500CA72B6 /* Main.storyboard */; };
		9A2823AC26EBEB7600CA72B6 /* Assets.xcassets in Resources */ = {isa = PBXBuildFile; fileRef = 9A2823AB26EBEB7600CA72B6 /* Assets.xcassets */; };
		9A2823AF26EBEB7600CA72B6 /* LaunchScreen.storyboard in Resources */ = {isa = PBXBuildFile; fileRef = 9A2823AD26EBEB7600CA72B6 /* LaunchScreen.storyboard */; };
		9A2823BA26EBEB7600CA72B6 /* PhotoViewerTests.swift in Sources */ = {isa = PBXBuildFile; fileRef = 9A2823B926EBEB7600CA72B6 /* PhotoViewerTests.swift */; };
		9A2823C526EBEB7600CA72B6 /* PhotoViewerUITests.swift in Sources */ = {isa = PBXBuildFile; fileRef = 9A2823C426EBEB7600CA72B6 /* PhotoViewerUITests.swift */; };
/* End PBXBuildFile section */

/* Begin PBXContainerItemProxy section */
		9A2823B626EBEB7600CA72B6 /* PBXContainerItemProxy */ = {
			isa = PBXContainerItemProxy;
			containerPortal = 9A28239726EBEB7500CA72B6 /* Project object */;
			proxyType = 1;
			remoteGlobalIDString = 9A28239E26EBEB7500CA72B6;
			remoteInfo = PhotoViewer;
		};
		9A2823C126EBEB7600CA72B6 /* PBXContainerItemProxy */ = {
			isa = PBXContainerItemProxy;
			containerPortal = 9A28239726EBEB7500CA72B6 /* Project object */;
			proxyType = 1;
			remoteGlobalIDString = 9A28239E26EBEB7500CA72B6;
			remoteInfo = PhotoViewer;
		};
/* End PBXContainerItemProxy section */

/* Begin PBXFileReference section */
		9A28239F26EBEB7500CA72B6 /* PhotoViewer.app */ = {isa = PBXFileReference; explicitFileType = wrapper.application; includeInIndex = 0; path = PhotoViewer.app; sourceTree = BUILT_PRODUCTS_DIR; };
		9A2823A226EBEB7500CA72B6 /* AppDelegate.swift */ = {isa = PBXFileReference; lastKnownFileType = sourcecode.swift; path = AppDelegate.swift; sourceTree = "<group>"; };
		9A2823A426EBEB7500CA72B6 /* SceneDelegate.swift */ = {isa = PBXFileReference; lastKnownFileType = sourcecode.swift; path = SceneDelegate.swift; sourceTree = "<group>"; };
		9A2823A626EBEB7500CA72B6 /* ViewController.swift */ = {isa = PBXFileReference; lastKnownFileType = sourcecode.swift; path = ViewController.swift; sourceTree = "<group>"; };
		9A2823A926EBEB7500CA72B6 /* Base */ = {isa = PBXFileReference; lastKnownFileType = file.storyboard; name = Base; path = Base.lproj/Main.storyboard; sourceTree = "<group>"; };
		9A2823AB26EBEB7600CA72B6 /* Assets.xcassets */ = {isa = PBXFileReference; lastKnownFileType = folder.assetcatalog; path = Assets.xcassets; sourceTree = "<group>"; };
		9A2823AE26EBEB7600CA72B6 /* Base */ = {isa = PBXFileReference; lastKnownFileType = file.storyboard; name = Base; path = Base.lproj/LaunchScreen.storyboard; sourceTree = "<group>"; };
		9A2823B026EBEB7600CA72B6 /* Info.plist */ = {isa = PBXFileReference; lastKnownFileType = text.plist.xml; path = Info.plist; sourceTree = "<group>"; };
		9A2823B526EBEB7600CA72B6 /* PhotoViewerTests.xctest */ = {isa = PBXFileReference; explicitFileType = wrapper.cfbundle; includeInIndex = 0; path = PhotoViewerTests.xctest; sourceTree = BUILT_PRODUCTS_DIR; };
		9A2823B926EBEB7600CA72B6 /* PhotoViewerTests.swift */ = {isa = PBXFileReference; lastKnownFileType = sourcecode.swift; path = PhotoViewerTests.swift; sourceTree = "<group>"; };
		9A2823BB26EBEB7600CA72B6 /* Info.plist */ = {isa = PBXFileReference; lastKnownFileType = text.plist.xml; path = Info.plist; sourceTree = "<group>"; };
		9A2823C026EBEB7600CA72B6 /* PhotoViewerUITests.xctest */ = {isa = PBXFileReference; explicitFileType = wrapper.cfbundle; includeInIndex = 0; path = PhotoViewerUITests.xctest; sourceTree = BUILT_PRODUCTS_DIR; };
		9A2823C426EBEB7600CA72B6 /* PhotoViewerUITests.swift */ = {isa = PBXFileReference; lastKnownFileType = sourcecode.swift; path = PhotoViewerUITests.swift; sourceTree = "<group>"; };
		9A2823C626EBEB7600CA72B6 /* Info.plist */ = {isa = PBXFileReference; lastKnownFileType = text.plist.xml; path = Info.plist; sourceTree = "<group>"; };
/* End PBXFileReference section */

/* Begin PBXFrameworksBuildPhase section */
		9A28239C26EBEB7500CA72B6 /* Frameworks */ = {
			isa = PBXFrameworksBuildPhase;
			buildActionMask = 2147483647;
			files = (
			);
			runOnlyForDeploymentPostprocessing = 0;
		};
		9A2823B226EBEB7600CA72B6 /* Frameworks */ = {
			isa = PBXFrameworksBuildPhase;
			buildActionMask = 2147483647;
			files = (
			);
			runOnlyForDeploymentPostprocessing = 0;
		};
		9A2823BD26EBEB7600CA72B6 /* Frameworks */ = {
			isa = PBXFrameworksBuildPhase;
			buildActionMask = 2147483647;
			files = (
			);
			runOnlyForDeploymentPostprocessing = 0;
		};
/* End PBXFrameworksBuildPhase section */

/* Begin PBXGroup section */
		9A28239626EBEB7500CA72B6 = {
			isa = PBXGroup;
			children = (
				9A2823A126EBEB7500CA72B6 /* PhotoViewer */,
				9A2823B826EBEB7600CA72B6 /* PhotoViewerTests */,
				9A2823C326EBEB7600CA72B6 /* PhotoViewerUITests */,
				9A2823A026EBEB7500CA72B6 /* Products */,
			);
			sourceTree = "<group>";
		};
		9A2823A026EBEB7500CA72B6 /* Products */ = {
			isa = PBXGroup;
			children = (
				9A28239F26EBEB7500CA72B6 /* PhotoViewer.app */,
				9A2823B526EBEB7600CA72B6 /* PhotoViewerTests.xctest */,
				9A2823C026EBEB7600CA72B6 /* PhotoViewerUITests.xctest */,
			);
			name = Products;
			sourceTree = "<group>";
		};
		9A2823A126EBEB7500CA72B6 /* PhotoViewer */ = {
			isa = PBXGroup;
			children = (
				9A2823A226EBEB7500CA72B6 /* AppDelegate.swift */,
				9A2823A426EBEB7500CA72B6 /* SceneDelegate.swift */,
				9A2823A626EBEB7500CA72B6 /* ViewController.swift */,
				9A2823A826EBEB7500CA72B6 /* Main.storyboard */,
				9A2823AB26EBEB7600CA72B6 /* Assets.xcassets */,
				9A2823AD26EBEB7600CA72B6 /* LaunchScreen.storyboard */,
				9A2823B026EBEB7600CA72B6 /* Info.plist */,
			);
			path = PhotoViewer;
			sourceTree = "<group>";
		};
		9A2823B826EBEB7600CA72B6 /* PhotoViewerTests */ = {
			isa = PBXGroup;
			children = (
				9A2823B926EBEB7600CA72B6 /* PhotoViewerTests.swift */,
				9A2823BB26EBEB7600CA72B6 /* Info.plist */,
			);
			path = PhotoViewerTests;
			sourceTree = "<group>";
		};
		9A2823C326EBEB7600CA72B6 /* PhotoViewerUITests */ = {
			isa = PBXGroup;
			children = (
				9A2823C426EBEB7600CA72B6 /* PhotoViewerUITests.swift */,
				9A2823C626EBEB7600CA72B6 /* Info.plist */,
			);
			path = PhotoViewerUITests;
			sourceTree = "<group>";
		};
/* End PBXGroup section */

/* Begin PBXNativeTarget section */
		9A28239E26EBEB7500CA72B6 /* PhotoViewer */ = {
			isa = PBXNativeTarget;
			buildConfigurationList = 9A2823C926EBEB7600CA72B6 /* Build configuration list for PBXNativeTarget "PhotoViewer" */;
			buildPhases = (
				9A28239B26EBEB7500CA72B6 /* Sources */,
				9A28239C26EBEB7500CA72B6 /* Frameworks */,
				9A28239D26EBEB7500CA72B6 /* Resources */,
			);
			buildRules = (
			);
			dependencies = (
			);
			name = PhotoViewer;
			productName = PhotoViewer;
			productReference = 9A28239F26EBEB7500CA72B6 /* PhotoViewer.app */;
			productType = "com.apple.product-type.application";
		};
		9A2823B426EBEB7600CA72B6 /* PhotoViewerTests */ = {
			isa = PBXNativeTarget;
			buildConfigurationList = 9A2823CC26EBEB7600CA72B6 /* Build configuration list for PBXNativeTarget "PhotoViewerTests" */;
			buildPhases = (
				9A2823B126EBEB7600CA72B6 /* Sources */,
				9A2823B226EBEB7600CA72B6 /* Frameworks */,
				9A2823B326EBEB7600CA72B6 /* Resources */,
			);
			buildRules = (
			);
			dependencies = (
				9A2823B726EBEB7600CA72B6 /* PBXTargetDependency */,
			);
			name = PhotoViewerTests;
			productName = PhotoViewerTests;
			productReference = 9A2823B526EBEB7600CA72B6 /* PhotoViewerTests.xctest */;
			productType = "com.apple.product-type.bundle.unit-test";
		};
		9A2823BF26EBEB7600CA72B6 /* PhotoViewerUITests */ = {
			isa = PBXNativeTarget;
			buildConfigurationList = 9A2823CF26EBEB7600CA72B6 /* Build configuration list for PBXNativeTarget "PhotoViewerUITests" */;
			buildPhases = (
				9A2823BC26EBEB7600CA72B6 /* Sources */,
				9A2823BD26EBEB7600CA72B6 /* Frameworks */,
				9A2823BE26EBEB7600CA72B6 /* Resources */,
			);
			buildRules = (
			);
			dependencies = (
				9A2823C226EBEB7600CA72B6 /* PBXTargetDependency */,
			);
			name = PhotoViewerUITests;
			productName = PhotoViewerUITests;
			productReference = 9A2823C026EBEB7600CA72B6 /* PhotoViewerUITests.xctest */;
			productType = "com.apple.product-type.bundle.ui-testing";
		};
/* End PBXNativeTarget section */

/* Begin PBXProject section */
		9A28239726EBEB7500CA72B6 /* Project object */ = {
			isa = PBXProject;
			attributes = {
				LastSwiftUpdateCheck = 1250;
				LastUpgradeCheck = 1250;
				TargetAttributes = {
					9A28239E26EBEB7500CA72B6 = {
						CreatedOnToolsVersion = 12.5.1;
					};
					9A2823B426EBEB7600CA72B6 = {
						CreatedOnToolsVersion = 12.5.1;
						TestTargetID = 9A28239E26EBEB7500CA72B6;
					};
					9A2823BF26EBEB7600CA72B6 = {
						CreatedOnToolsVersion = 12.5.1;
						TestTargetID = 9A28239E26EBEB7500CA72B6;
					};
				};
			};
			buildConfigurationList = 9A28239A26EBEB7500CA72B6 /* Build configuration list for PBXProject "PhotoViewer" */;
			compatibilityVersion = "Xcode 9.3";
			developmentRegion = en;
			hasScannedForEncodings = 0;
			knownRegions = (
				en,
				Base,
			);
			mainGroup = 9A28239626EBEB7500CA72B6;
			productRefGroup = 9A2823A026EBEB7500CA72B6 /* Products */;
			projectDirPath = "";
			projectRoot = "";
			targets = (
				9A28239E26EBEB7500CA72B6 /* PhotoViewer */,
				9A2823B426EBEB7600CA72B6 /* PhotoViewerTests */,
				9A2823BF26EBEB7600CA72B6 /* PhotoViewerUITests */,
			);
		};
/* End PBXProject section */

/* Begin PBXResourcesBuildPhase section */
		9A28239D26EBEB7500CA72B6 /* Resources */ = {
			isa = PBXResourcesBuildPhase;
			buildActionMask = 2147483647;
			files = (
				9A2823AF26EBEB7600CA72B6 /* LaunchScreen.storyboard in Resources */,
				9A2823AC26EBEB7600CA72B6 /* Assets.xcassets in Resources */,
				9A2823AA26EBEB7500CA72B6 /* Main.storyboard in Resources */,
			);
			runOnlyForDeploymentPostprocessing = 0;
		};
		9A2823B326EBEB7600CA72B6 /* Resources */ = {
			isa = PBXResourcesBuildPhase;
			buildActionMask = 2147483647;
			files = (
			);
			runOnlyForDeploymentPostprocessing = 0;
		};
		9A2823BE26EBEB7600CA72B6 /* Resources */ = {
			isa = PBXResourcesBuildPhase;
			buildActionMask = 2147483647;
			files = (
			);
			runOnlyForDeploymentPostprocessing = 0;
		};
/* End PBXResourcesBuildPhase section */

/* Begin PBXSourcesBuildPhase section */
		9A28239B26EBEB7500CA72B6 /* Sources */ = {
			isa = PBXSourcesBuildPhase;
			buildActionMask = 2147483647;
			files = (
				9A2823A726EBEB7500CA72B6 /* ViewController.swift in Sources */,
				9A2823A326EBEB7500CA72B6 /* AppDelegate.swift in Sources */,
				9A2823A526EBEB7500CA72B6 /* SceneDelegate.swift in Sources */,
			);
			runOnlyForDeploymentPostprocessing = 0;
		};
		9A2823B126EBEB7600CA72B6 /* Sources */ = {
			isa = PBXSourcesBuildPhase;
			buildActionMask = 2147483647;
			files = (
				9A2823BA26EBEB7600CA72B6 /* PhotoViewerTests.swift in Sources */,
			);
			runOnlyForDeploymentPostprocessing = 0;
		};
		9A2823BC26EBEB7600CA72B6 /* Sources */ = {
			isa = PBXSourcesBuildPhase;
			buildActionMask = 2147483647;
			files = (
				9A2823C526EBEB7600CA72B6 /* PhotoViewerUITests.swift in Sources */,
			);
			runOnlyForDeploymentPostprocessing = 0;
		};
/* End PBXSourcesBuildPhase section */

/* Begin PBXTargetDependency section */
		9A2823B726EBEB7600CA72B6 /* PBXTargetDependency */ = {
			isa = PBXTargetDependency;
			target = 9A28239E26EBEB7500CA72B6 /* PhotoViewer */;
			targetProxy = 9A2823B626EBEB7600CA72B6 /* PBXContainerItemProxy */;
		};
		9A2823C226EBEB7600CA72B6 /* PBXTargetDependency */ = {
			isa = PBXTargetDependency;
			target = 9A28239E26EBEB7500CA72B6 /* PhotoViewer */;
			targetProxy = 9A2823C126EBEB7600CA72B6 /* PBXContainerItemProxy */;
		};
/* End PBXTargetDependency section */

/* Begin PBXVariantGroup section */
		9A2823A826EBEB7500CA72B6 /* Main.storyboard */ = {
			isa = PBXVariantGroup;
			children = (
				9A2823A926EBEB7500CA72B6 /* Base */,
			);
			name = Main.storyboard;
			sourceTree = "<group>";
		};
		9A2823AD26EBEB7600CA72B6 /* LaunchScreen.storyboard */ = {
			isa = PBXVariantGroup;
			children = (
				9A2823AE26EBEB7600CA72B6 /* Base */,
			);
			name = LaunchScreen.storyboard;
			sourceTree = "<group>";
		};
/* End PBXVariantGroup section */

/* Begin XCBuildConfiguration section */
		9A2823C726EBEB7600CA72B6 /* Debug */ = {
			isa = XCBuildConfiguration;
			buildSettings = {
				ALWAYS_SEARCH_USER_PATHS = NO;
				CLANG_ANALYZER_NONNULL = YES;
				CLANG_ANALYZER_NUMBER_OBJECT_CONVERSION = YES_AGGRESSIVE;
				CLANG_CXX_LANGUAGE_STANDARD = "gnu++14";
				CLANG_CXX_LIBRARY = "libc++";
				CLANG_ENABLE_MODULES = YES;
				CLANG_ENABLE_OBJC_ARC = YES;
				CLANG_ENABLE_OBJC_WEAK = YES;
				CLANG_WARN_BLOCK_CAPTURE_AUTORELEASING = YES;
				CLANG_WARN_BOOL_CONVERSION = YES;
				CLANG_WARN_COMMA = YES;
				CLANG_WARN_CONSTANT_CONVERSION = YES;
				CLANG_WARN_DEPRECATED_OBJC_IMPLEMENTATIONS = YES;
				CLANG_WARN_DIRECT_OBJC_ISA_USAGE = YES_ERROR;
				CLANG_WARN_DOCUMENTATION_COMMENTS = YES;
				CLANG_WARN_EMPTY_BODY = YES;
				CLANG_WARN_ENUM_CONVERSION = YES;
				CLANG_WARN_INFINITE_RECURSION = YES;
				CLANG_WARN_INT_CONVERSION = YES;
				CLANG_WARN_NON_LITERAL_NULL_CONVERSION = YES;
				CLANG_WARN_OBJC_IMPLICIT_RETAIN_SELF = YES;
				CLANG_WARN_OBJC_LITERAL_CONVERSION = YES;
				CLANG_WARN_OBJC_ROOT_CLASS = YES_ERROR;
				CLANG_WARN_QUOTED_INCLUDE_IN_FRAMEWORK_HEADER = YES;
				CLANG_WARN_RANGE_LOOP_ANALYSIS = YES;
				CLANG_WARN_STRICT_PROTOTYPES = YES;
				CLANG_WARN_SUSPICIOUS_MOVE = YES;
				CLANG_WARN_UNGUARDED_AVAILABILITY = YES_AGGRESSIVE;
				CLANG_WARN_UNREACHABLE_CODE = YES;
				CLANG_WARN__DUPLICATE_METHOD_MATCH = YES;
				COPY_PHASE_STRIP = NO;
				DEBUG_INFORMATION_FORMAT = dwarf;
				ENABLE_STRICT_OBJC_MSGSEND = YES;
				ENABLE_TESTABILITY = YES;
				GCC_C_LANGUAGE_STANDARD = gnu11;
				GCC_DYNAMIC_NO_PIC = NO;
				GCC_NO_COMMON_BLOCKS = YES;
				GCC_OPTIMIZATION_LEVEL = 0;
				GCC_PREPROCESSOR_DEFINITIONS = (
					"DEBUG=1",
					"$(inherited)",
				);
				GCC_WARN_64_TO_32_BIT_CONVERSION = YES;
				GCC_WARN_ABOUT_RETURN_TYPE = YES_ERROR;
				GCC_WARN_UNDECLARED_SELECTOR = YES;
				GCC_WARN_UNINITIALIZED_AUTOS = YES_AGGRESSIVE;
				GCC_WARN_UNUSED_FUNCTION = YES;
				GCC_WARN_UNUSED_VARIABLE = YES;
				IPHONEOS_DEPLOYMENT_TARGET = 14.5;
				MTL_ENABLE_DEBUG_INFO = INCLUDE_SOURCE;
				MTL_FAST_MATH = YES;
				ONLY_ACTIVE_ARCH = YES;
				SDKROOT = iphoneos;
				SWIFT_ACTIVE_COMPILATION_CONDITIONS = DEBUG;
				SWIFT_OPTIMIZATION_LEVEL = "-Onone";
			};
			name = Debug;
		};
		9A2823C826EBEB7600CA72B6 /* Release */ = {
			isa = XCBuildConfiguration;
			buildSettings = {
				ALWAYS_SEARCH_USER_PATHS = NO;
				CLANG_ANALYZER_NONNULL = YES;
				CLANG_ANALYZER_NUMBER_OBJECT_CONVERSION = YES_AGGRESSIVE;
				CLANG_CXX_LANGUAGE_STANDARD = "gnu++14";
				CLANG_CXX_LIBRARY = "libc++";
				CLANG_ENABLE_MODULES = YES;
				CLANG_ENABLE_OBJC_ARC = YES;
				CLANG_ENABLE_OBJC_WEAK = YES;
				CLANG_WARN_BLOCK_CAPTURE_AUTORELEASING = YES;
				CLANG_WARN_BOOL_CONVERSION = YES;
				CLANG_WARN_COMMA = YES;
				CLANG_WARN_CONSTANT_CONVERSION = YES;
				CLANG_WARN_DEPRECATED_OBJC_IMPLEMENTATIONS = YES;
				CLANG_WARN_DIRECT_OBJC_ISA_USAGE = YES_ERROR;
				CLANG_WARN_DOCUMENTATION_COMMENTS = YES;
				CLANG_WARN_EMPTY_BODY = YES;
				CLANG_WARN_ENUM_CONVERSION = YES;
				CLANG_WARN_INFINITE_RECURSION = YES;
				CLANG_WARN_INT_CONVERSION = YES;
				CLANG_WARN_NON_LITERAL_NULL_CONVERSION = YES;
				CLANG_WARN_OBJC_IMPLICIT_RETAIN_SELF = YES;
				CLANG_WARN_OBJC_LITERAL_CONVERSION = YES;
				CLANG_WARN_OBJC_ROOT_CLASS = YES_ERROR;
				CLANG_WARN_QUOTED_INCLUDE_IN_FRAMEWORK_HEADER = YES;
				CLANG_WARN_RANGE_LOOP_ANALYSIS = YES;
				CLANG_WARN_STRICT_PROTOTYPES = YES;
				CLANG_WARN_SUSPICIOUS_MOVE = YES;
				CLANG_WARN_UNGUARDED_AVAILABILITY = YES_AGGRESSIVE;
				CLANG_WARN_UNREACHABLE_CODE = YES;
				CLANG_WARN__DUPLICATE_METHOD_MATCH = YES;
				COPY_PHASE_STRIP = NO;
				DEBUG_INFORMATION_FORMAT = "dwarf-with-dsym";
				ENABLE_NS_ASSERTIONS = NO;
				ENABLE_STRICT_OBJC_MSGSEND = YES;
				GCC_C_LANGUAGE_STANDARD = gnu11;
				GCC_NO_COMMON_BLOCKS = YES;
				GCC_WARN_64_TO_32_BIT_CONVERSION = YES;
				GCC_WARN_ABOUT_RETURN_TYPE = YES_ERROR;
				GCC_WARN_UNDECLARED_SELECTOR = YES;
				GCC_WARN_UNINITIALIZED_AUTOS = YES_AGGRESSIVE;
				GCC_WARN_UNUSED_FUNCTION = YES;
				GCC_WARN_UNUSED_VARIABLE = YES;
				IPHONEOS_DEPLOYMENT_TARGET = 14.5;
				MTL_ENABLE_DEBUG_INFO = NO;
				MTL_FAST_MATH = YES;
				SDKROOT = iphoneos;
				SWIFT_COMPILATION_MODE = wholemodule;
				SWIFT_OPTIMIZATION_LEVEL = "-O";
				VALIDATE_PRODUCT = YES;
			};
			name = Release;
		};
		9A2823CA26EBEB7600CA72B6 /* Debug */ = {
			isa = XCBuildConfiguration;
			buildSettings = {
				ASSETCATALOG_COMPILER_APPICON_NAME = AppIcon;
				ASSETCATALOG_COMPILER_GLOBAL_ACCENT_COLOR_NAME = AccentColor;
				CODE_SIGN_STYLE = Automatic;
				DEVELOPMENT_TEAM = 2RTC5LA229;
				INFOPLIST_FILE = PhotoViewer/Info.plist;
				LD_RUNPATH_SEARCH_PATHS = (
					"$(inherited)",
					"@executable_path/Frameworks",
				);
				PRODUCT_BUNDLE_IDENTIFIER = com.mohamedelabd.PhotoViewer;
				PRODUCT_NAME = "$(TARGET_NAME)";
				SWIFT_VERSION = 5.0;
				TARGETED_DEVICE_FAMILY = "1,2";
			};
			name = Debug;
		};
		9A2823CB26EBEB7600CA72B6 /* Release */ = {
			isa = XCBuildConfiguration;
			buildSettings = {
				ASSETCATALOG_COMPILER_APPICON_NAME = AppIcon;
				ASSETCATALOG_COMPILER_GLOBAL_ACCENT_COLOR_NAME = AccentColor;
				CODE_SIGN_STYLE = Automatic;
				DEVELOPMENT_TEAM = 2RTC5LA229;
				INFOPLIST_FILE = PhotoViewer/Info.plist;
				LD_RUNPATH_SEARCH_PATHS = (
					"$(inherited)",
					"@executable_path/Frameworks",
				);
				PRODUCT_BUNDLE_IDENTIFIER = com.mohamedelabd.PhotoViewer;
				PRODUCT_NAME = "$(TARGET_NAME)";
				SWIFT_VERSION = 5.0;
				TARGETED_DEVICE_FAMILY = "1,2";
			};
			name = Release;
		};
		9A2823CD26EBEB7600CA72B6 /* Debug */ = {
			isa = XCBuildConfiguration;
			buildSettings = {
				ALWAYS_EMBED_SWIFT_STANDARD_LIBRARIES = YES;
				BUNDLE_LOADER = "$(TEST_HOST)";
				CODE_SIGN_STYLE = Automatic;
				DEVELOPMENT_TEAM = 2RTC5LA229;
				INFOPLIST_FILE = PhotoViewerTests/Info.plist;
				IPHONEOS_DEPLOYMENT_TARGET = 14.5;
				LD_RUNPATH_SEARCH_PATHS = (
					"$(inherited)",
					"@executable_path/Frameworks",
					"@loader_path/Frameworks",
				);
				PRODUCT_BUNDLE_IDENTIFIER = com.mohamedelabd.PhotoViewerTests;
				PRODUCT_NAME = "$(TARGET_NAME)";
				SWIFT_VERSION = 5.0;
				TARGETED_DEVICE_FAMILY = "1,2";
				TEST_HOST = "$(BUILT_PRODUCTS_DIR)/PhotoViewer.app/PhotoViewer";
			};
			name = Debug;
		};
		9A2823CE26EBEB7600CA72B6 /* Release */ = {
			isa = XCBuildConfiguration;
			buildSettings = {
				ALWAYS_EMBED_SWIFT_STANDARD_LIBRARIES = YES;
				BUNDLE_LOADER = "$(TEST_HOST)";
				CODE_SIGN_STYLE = Automatic;
				DEVELOPMENT_TEAM = 2RTC5LA229;
				INFOPLIST_FILE = PhotoViewerTests/Info.plist;
				IPHONEOS_DEPLOYMENT_TARGET = 14.5;
				LD_RUNPATH_SEARCH_PATHS = (
					"$(inherited)",
					"@executable_path/Frameworks",
					"@loader_path/Frameworks",
				);
				PRODUCT_BUNDLE_IDENTIFIER = com.mohamedelabd.PhotoViewerTests;
				PRODUCT_NAME = "$(TARGET_NAME)";
				SWIFT_VERSION = 5.0;
				TARGETED_DEVICE_FAMILY = "1,2";
				TEST_HOST = "$(BUILT_PRODUCTS_DIR)/PhotoViewer.app/PhotoViewer";
			};
			name = Release;
		};
		9A2823D026EBEB7600CA72B6 /* Debug */ = {
			isa = XCBuildConfiguration;
			buildSettings = {
				ALWAYS_EMBED_SWIFT_STANDARD_LIBRARIES = YES;
				CODE_SIGN_STYLE = Automatic;
				DEVELOPMENT_TEAM = 2RTC5LA229;
				INFOPLIST_FILE = PhotoViewerUITests/Info.plist;
				LD_RUNPATH_SEARCH_PATHS = (
					"$(inherited)",
					"@executable_path/Frameworks",
					"@loader_path/Frameworks",
				);
				PRODUCT_BUNDLE_IDENTIFIER = com.mohamedelabd.PhotoViewerUITests;
				PRODUCT_NAME = "$(TARGET_NAME)";
				SWIFT_VERSION = 5.0;
				TARGETED_DEVICE_FAMILY = "1,2";
				TEST_TARGET_NAME = PhotoViewer;
			};
			name = Debug;
		};
		9A2823D126EBEB7600CA72B6 /* Release */ = {
			isa = XCBuildConfiguration;
			buildSettings = {
				ALWAYS_EMBED_SWIFT_STANDARD_LIBRARIES = YES;
				CODE_SIGN_STYLE = Automatic;
				DEVELOPMENT_TEAM = 2RTC5LA229;
				INFOPLIST_FILE = PhotoViewerUITests/Info.plist;
				LD_RUNPATH_SEARCH_PATHS = (
					"$(inherited)",
					"@executable_path/Frameworks",
					"@loader_path/Frameworks",
				);
				PRODUCT_BUNDLE_IDENTIFIER = com.mohamedelabd.PhotoViewerUITests;
				PRODUCT_NAME = "$(TARGET_NAME)";
				SWIFT_VERSION = 5.0;
				TARGETED_DEVICE_FAMILY = "1,2";
				TEST_TARGET_NAME = PhotoViewer;
			};
			name = Release;
		};
/* End XCBuildConfiguration section */

/* Begin XCConfigurationList section */
		9A28239A26EBEB7500CA72B6 /* Build configuration list for PBXProject "PhotoViewer" */ = {
			isa = XCConfigurationList;
			buildConfigurations = (
				9A2823C726EBEB7600CA72B6 /* Debug */,
				9A2823C826EBEB7600CA72B6 /* Release */,
			);
			defaultConfigurationIsVisible = 0;
			defaultConfigurationName = Release;
		};
		9A2823C926EBEB7600CA72B6 /* Build configuration list for PBXNativeTarget "PhotoViewer" */ = {
			isa = XCConfigurationList;
			buildConfigurations = (
				9A2823CA26EBEB7600CA72B6 /* Debug */,
				9A2823CB26EBEB7600CA72B6 /* Release */,
			);
			defaultConfigurationIsVisible = 0;
			defaultConfigurationName = Release;
		};
		9A2823CC26EBEB7600CA72B6 /* Build configuration list for PBXNativeTarget "PhotoViewerTests" */ = {
			isa = XCConfigurationList;
			buildConfigurations = (
				9A2823CD26EBEB7600CA72B6 /* Debug */,
				9A2823CE26EBEB7600CA72B6 /* Release */,
			);
			defaultConfigurationIsVisible = 0;
			defaultConfigurationName = Release;
		};
		9A2823CF26EBEB7600CA72B6 /* Build configuration list for PBXNativeTarget "PhotoViewerUITests" */ = {
			isa = XCConfigurationList;
			buildConfigurations = (
				9A2823D026EBEB7600CA72B6 /* Debug */,
				9A2823D126EBEB7600CA72B6 /* Release */,
			);
			defaultConfigurationIsVisible = 0;
			defaultConfigurationName = Release;
		};
/* End XCConfigurationList section */
	};
	rootObject = 9A28239726EBEB7500CA72B6 /* Project object */;
}
